// !$*UTF8*$!
{
	archiveVersion = 1;
	classes = {
	};
	objectVersion = 52;
	objects = {

/* Begin PBXBuildFile section */
		F0B3ED31260F9231003B2430 /* HooHacksApp.swift in Sources */ = {isa = PBXBuildFile; fileRef = F0B3ED30260F9231003B2430 /* HooHacksApp.swift */; };
		F0B3ED33260F9231003B2430 /* ContentView.swift in Sources */ = {isa = PBXBuildFile; fileRef = F0B3ED32260F9231003B2430 /* ContentView.swift */; };
		F0B3ED35260F9231003B2430 /* Assets.xcassets in Resources */ = {isa = PBXBuildFile; fileRef = F0B3ED34260F9231003B2430 /* Assets.xcassets */; };
		F0B3ED38260F9231003B2430 /* Preview Assets.xcassets in Resources */ = {isa = PBXBuildFile; fileRef = F0B3ED37260F9231003B2430 /* Preview Assets.xcassets */; };
		F0B3ED43260F9232003B2430 /* HooHacksTests.swift in Sources */ = {isa = PBXBuildFile; fileRef = F0B3ED42260F9232003B2430 /* HooHacksTests.swift */; };
		F0B3ED4E260F9232003B2430 /* HooHacksUITests.swift in Sources */ = {isa = PBXBuildFile; fileRef = F0B3ED4D260F9232003B2430 /* HooHacksUITests.swift */; };
		F0B3ED5F260F9E02003B2430 /* MainVM.swift in Sources */ = {isa = PBXBuildFile; fileRef = F0B3ED5E260F9E02003B2430 /* MainVM.swift */; };
		F0B3ED65260F9E9A003B2430 /* SwiftyJSON in Frameworks */ = {isa = PBXBuildFile; productRef = F0B3ED64260F9E9A003B2430 /* SwiftyJSON */; };
		F0B3ED6B260F9F07003B2430 /* Alamofire in Frameworks */ = {isa = PBXBuildFile; productRef = F0B3ED6A260F9F07003B2430 /* Alamofire */; };
		F0B3ED70260FAE19003B2430 /* LocationManager.swift in Sources */ = {isa = PBXBuildFile; fileRef = F0B3ED6F260FAE19003B2430 /* LocationManager.swift */; };
/* End PBXBuildFile section */

/* Begin PBXContainerItemProxy section */
		F0B3ED3F260F9231003B2430 /* PBXContainerItemProxy */ = {
			isa = PBXContainerItemProxy;
			containerPortal = F0B3ED25260F9231003B2430 /* Project object */;
			proxyType = 1;
			remoteGlobalIDString = F0B3ED2C260F9231003B2430;
			remoteInfo = HooHacks;
		};
		F0B3ED4A260F9232003B2430 /* PBXContainerItemProxy */ = {
			isa = PBXContainerItemProxy;
			containerPortal = F0B3ED25260F9231003B2430 /* Project object */;
			proxyType = 1;
			remoteGlobalIDString = F0B3ED2C260F9231003B2430;
			remoteInfo = HooHacks;
		};
/* End PBXContainerItemProxy section */

/* Begin PBXFileReference section */
		F0B3ED2D260F9231003B2430 /* HooHacks.app */ = {isa = PBXFileReference; explicitFileType = wrapper.application; includeInIndex = 0; path = HooHacks.app; sourceTree = BUILT_PRODUCTS_DIR; };
		F0B3ED30260F9231003B2430 /* HooHacksApp.swift */ = {isa = PBXFileReference; lastKnownFileType = sourcecode.swift; path = HooHacksApp.swift; sourceTree = "<group>"; };
		F0B3ED32260F9231003B2430 /* ContentView.swift */ = {isa = PBXFileReference; lastKnownFileType = sourcecode.swift; path = ContentView.swift; sourceTree = "<group>"; };
		F0B3ED34260F9231003B2430 /* Assets.xcassets */ = {isa = PBXFileReference; lastKnownFileType = folder.assetcatalog; path = Assets.xcassets; sourceTree = "<group>"; };
		F0B3ED37260F9231003B2430 /* Preview Assets.xcassets */ = {isa = PBXFileReference; lastKnownFileType = folder.assetcatalog; path = "Preview Assets.xcassets"; sourceTree = "<group>"; };
		F0B3ED39260F9231003B2430 /* Info.plist */ = {isa = PBXFileReference; lastKnownFileType = text.plist.xml; path = Info.plist; sourceTree = "<group>"; };
		F0B3ED3E260F9231003B2430 /* HooHacksTests.xctest */ = {isa = PBXFileReference; explicitFileType = wrapper.cfbundle; includeInIndex = 0; path = HooHacksTests.xctest; sourceTree = BUILT_PRODUCTS_DIR; };
		F0B3ED42260F9232003B2430 /* HooHacksTests.swift */ = {isa = PBXFileReference; lastKnownFileType = sourcecode.swift; path = HooHacksTests.swift; sourceTree = "<group>"; };
		F0B3ED44260F9232003B2430 /* Info.plist */ = {isa = PBXFileReference; lastKnownFileType = text.plist.xml; path = Info.plist; sourceTree = "<group>"; };
		F0B3ED49260F9232003B2430 /* HooHacksUITests.xctest */ = {isa = PBXFileReference; explicitFileType = wrapper.cfbundle; includeInIndex = 0; path = HooHacksUITests.xctest; sourceTree = BUILT_PRODUCTS_DIR; };
		F0B3ED4D260F9232003B2430 /* HooHacksUITests.swift */ = {isa = PBXFileReference; lastKnownFileType = sourcecode.swift; path = HooHacksUITests.swift; sourceTree = "<group>"; };
		F0B3ED4F260F9232003B2430 /* Info.plist */ = {isa = PBXFileReference; lastKnownFileType = text.plist.xml; path = Info.plist; sourceTree = "<group>"; };
		F0B3ED5E260F9E02003B2430 /* MainVM.swift */ = {isa = PBXFileReference; lastKnownFileType = sourcecode.swift; path = MainVM.swift; sourceTree = "<group>"; };
		F0B3ED6F260FAE19003B2430 /* LocationManager.swift */ = {isa = PBXFileReference; lastKnownFileType = sourcecode.swift; path = LocationManager.swift; sourceTree = "<group>"; };
/* End PBXFileReference section */

/* Begin PBXFrameworksBuildPhase section */
		F0B3ED2A260F9231003B2430 /* Frameworks */ = {
			isa = PBXFrameworksBuildPhase;
			buildActionMask = 2147483647;
			files = (
				F0B3ED65260F9E9A003B2430 /* SwiftyJSON in Frameworks */,
				F0B3ED6B260F9F07003B2430 /* Alamofire in Frameworks */,
			);
			runOnlyForDeploymentPostprocessing = 0;
		};
		F0B3ED3B260F9231003B2430 /* Frameworks */ = {
			isa = PBXFrameworksBuildPhase;
			buildActionMask = 2147483647;
			files = (
			);
			runOnlyForDeploymentPostprocessing = 0;
		};
		F0B3ED46260F9232003B2430 /* Frameworks */ = {
			isa = PBXFrameworksBuildPhase;
			buildActionMask = 2147483647;
			files = (
			);
			runOnlyForDeploymentPostprocessing = 0;
		};
/* End PBXFrameworksBuildPhase section */

/* Begin PBXGroup section */
		F0B3ED24260F9231003B2430 = {
			isa = PBXGroup;
			children = (
				F0B3ED2F260F9231003B2430 /* HooHacks */,
				F0B3ED41260F9231003B2430 /* HooHacksTests */,
				F0B3ED4C260F9232003B2430 /* HooHacksUITests */,
				F0B3ED2E260F9231003B2430 /* Products */,
			);
			sourceTree = "<group>";
		};
		F0B3ED2E260F9231003B2430 /* Products */ = {
			isa = PBXGroup;
			children = (
				F0B3ED2D260F9231003B2430 /* HooHacks.app */,
				F0B3ED3E260F9231003B2430 /* HooHacksTests.xctest */,
				F0B3ED49260F9232003B2430 /* HooHacksUITests.xctest */,
			);
			name = Products;
			sourceTree = "<group>";
		};
		F0B3ED2F260F9231003B2430 /* HooHacks */ = {
			isa = PBXGroup;
			children = (
				F0B3ED30260F9231003B2430 /* HooHacksApp.swift */,
				F0B3ED32260F9231003B2430 /* ContentView.swift */,
				F0B3ED34260F9231003B2430 /* Assets.xcassets */,
				F0B3ED39260F9231003B2430 /* Info.plist */,
				F0B3ED36260F9231003B2430 /* Preview Content */,
				F0B3ED5E260F9E02003B2430 /* MainVM.swift */,
				F0B3ED6F260FAE19003B2430 /* LocationManager.swift */,
			);
			path = HooHacks;
			sourceTree = "<group>";
		};
		F0B3ED36260F9231003B2430 /* Preview Content */ = {
			isa = PBXGroup;
			children = (
				F0B3ED37260F9231003B2430 /* Preview Assets.xcassets */,
			);
			path = "Preview Content";
			sourceTree = "<group>";
		};
		F0B3ED41260F9231003B2430 /* HooHacksTests */ = {
			isa = PBXGroup;
			children = (
				F0B3ED42260F9232003B2430 /* HooHacksTests.swift */,
				F0B3ED44260F9232003B2430 /* Info.plist */,
			);
			path = HooHacksTests;
			sourceTree = "<group>";
		};
		F0B3ED4C260F9232003B2430 /* HooHacksUITests */ = {
			isa = PBXGroup;
			children = (
				F0B3ED4D260F9232003B2430 /* HooHacksUITests.swift */,
				F0B3ED4F260F9232003B2430 /* Info.plist */,
			);
			path = HooHacksUITests;
			sourceTree = "<group>";
		};
/* End PBXGroup section */

/* Begin PBXNativeTarget section */
		F0B3ED2C260F9231003B2430 /* HooHacks */ = {
			isa = PBXNativeTarget;
			buildConfigurationList = F0B3ED52260F9232003B2430 /* Build configuration list for PBXNativeTarget "HooHacks" */;
			buildPhases = (
				F0B3ED29260F9231003B2430 /* Sources */,
				F0B3ED2A260F9231003B2430 /* Frameworks */,
				F0B3ED2B260F9231003B2430 /* Resources */,
			);
			buildRules = (
			);
			dependencies = (
			);
			name = HooHacks;
			packageProductDependencies = (
				F0B3ED64260F9E9A003B2430 /* SwiftyJSON */,
				F0B3ED6A260F9F07003B2430 /* Alamofire */,
			);
			productName = HooHacks;
			productReference = F0B3ED2D260F9231003B2430 /* HooHacks.app */;
			productType = "com.apple.product-type.application";
		};
		F0B3ED3D260F9231003B2430 /* HooHacksTests */ = {
			isa = PBXNativeTarget;
			buildConfigurationList = F0B3ED55260F9232003B2430 /* Build configuration list for PBXNativeTarget "HooHacksTests" */;
			buildPhases = (
				F0B3ED3A260F9231003B2430 /* Sources */,
				F0B3ED3B260F9231003B2430 /* Frameworks */,
				F0B3ED3C260F9231003B2430 /* Resources */,
			);
			buildRules = (
			);
			dependencies = (
				F0B3ED40260F9231003B2430 /* PBXTargetDependency */,
			);
			name = HooHacksTests;
			productName = HooHacksTests;
			productReference = F0B3ED3E260F9231003B2430 /* HooHacksTests.xctest */;
			productType = "com.apple.product-type.bundle.unit-test";
		};
		F0B3ED48260F9232003B2430 /* HooHacksUITests */ = {
			isa = PBXNativeTarget;
			buildConfigurationList = F0B3ED58260F9232003B2430 /* Build configuration list for PBXNativeTarget "HooHacksUITests" */;
			buildPhases = (
				F0B3ED45260F9232003B2430 /* Sources */,
				F0B3ED46260F9232003B2430 /* Frameworks */,
				F0B3ED47260F9232003B2430 /* Resources */,
			);
			buildRules = (
			);
			dependencies = (
				F0B3ED4B260F9232003B2430 /* PBXTargetDependency */,
			);
			name = HooHacksUITests;
			productName = HooHacksUITests;
			productReference = F0B3ED49260F9232003B2430 /* HooHacksUITests.xctest */;
			productType = "com.apple.product-type.bundle.ui-testing";
		};
/* End PBXNativeTarget section */

/* Begin PBXProject section */
		F0B3ED25260F9231003B2430 /* Project object */ = {
			isa = PBXProject;
			attributes = {
				LastSwiftUpdateCheck = 1240;
				LastUpgradeCheck = 1240;
				TargetAttributes = {
					F0B3ED2C260F9231003B2430 = {
						CreatedOnToolsVersion = 12.4;
					};
					F0B3ED3D260F9231003B2430 = {
						CreatedOnToolsVersion = 12.4;
						TestTargetID = F0B3ED2C260F9231003B2430;
					};
					F0B3ED48260F9232003B2430 = {
						CreatedOnToolsVersion = 12.4;
						TestTargetID = F0B3ED2C260F9231003B2430;
					};
				};
			};
			buildConfigurationList = F0B3ED28260F9231003B2430 /* Build configuration list for PBXProject "HooHacks" */;
			compatibilityVersion = "Xcode 9.3";
			developmentRegion = en;
			hasScannedForEncodings = 0;
			knownRegions = (
				en,
				Base,
			);
			mainGroup = F0B3ED24260F9231003B2430;
			packageReferences = (
				F0B3ED63260F9E9A003B2430 /* XCRemoteSwiftPackageReference "SwiftyJSON" */,
				F0B3ED69260F9F07003B2430 /* XCRemoteSwiftPackageReference "Alamofire" */,
			);
			productRefGroup = F0B3ED2E260F9231003B2430 /* Products */;
			projectDirPath = "";
			projectRoot = "";
			targets = (
				F0B3ED2C260F9231003B2430 /* HooHacks */,
				F0B3ED3D260F9231003B2430 /* HooHacksTests */,
				F0B3ED48260F9232003B2430 /* HooHacksUITests */,
			);
		};
/* End PBXProject section */

/* Begin PBXResourcesBuildPhase section */
		F0B3ED2B260F9231003B2430 /* Resources */ = {
			isa = PBXResourcesBuildPhase;
			buildActionMask = 2147483647;
			files = (
				F0B3ED38260F9231003B2430 /* Preview Assets.xcassets in Resources */,
				F0B3ED35260F9231003B2430 /* Assets.xcassets in Resources */,
			);
			runOnlyForDeploymentPostprocessing = 0;
		};
		F0B3ED3C260F9231003B2430 /* Resources */ = {
			isa = PBXResourcesBuildPhase;
			buildActionMask = 2147483647;
			files = (
			);
			runOnlyForDeploymentPostprocessing = 0;
		};
		F0B3ED47260F9232003B2430 /* Resources */ = {
			isa = PBXResourcesBuildPhase;
			buildActionMask = 2147483647;
			files = (
			);
			runOnlyForDeploymentPostprocessing = 0;
		};
/* End PBXResourcesBuildPhase section */

/* Begin PBXSourcesBuildPhase section */
		F0B3ED29260F9231003B2430 /* Sources */ = {
			isa = PBXSourcesBuildPhase;
			buildActionMask = 2147483647;
			files = (
				F0B3ED70260FAE19003B2430 /* LocationManager.swift in Sources */,
				F0B3ED33260F9231003B2430 /* ContentView.swift in Sources */,
				F0B3ED5F260F9E02003B2430 /* MainVM.swift in Sources */,
				F0B3ED31260F9231003B2430 /* HooHacksApp.swift in Sources */,
			);
			runOnlyForDeploymentPostprocessing = 0;
		};
		F0B3ED3A260F9231003B2430 /* Sources */ = {
			isa = PBXSourcesBuildPhase;
			buildActionMask = 2147483647;
			files = (
				F0B3ED43260F9232003B2430 /* HooHacksTests.swift in Sources */,
			);
			runOnlyForDeploymentPostprocessing = 0;
		};
		F0B3ED45260F9232003B2430 /* Sources */ = {
			isa = PBXSourcesBuildPhase;
			buildActionMask = 2147483647;
			files = (
				F0B3ED4E260F9232003B2430 /* HooHacksUITests.swift in Sources */,
			);
			runOnlyForDeploymentPostprocessing = 0;
		};
/* End PBXSourcesBuildPhase section */

/* Begin PBXTargetDependency section */
		F0B3ED40260F9231003B2430 /* PBXTargetDependency */ = {
			isa = PBXTargetDependency;
			target = F0B3ED2C260F9231003B2430 /* HooHacks */;
			targetProxy = F0B3ED3F260F9231003B2430 /* PBXContainerItemProxy */;
		};
		F0B3ED4B260F9232003B2430 /* PBXTargetDependency */ = {
			isa = PBXTargetDependency;
			target = F0B3ED2C260F9231003B2430 /* HooHacks */;
			targetProxy = F0B3ED4A260F9232003B2430 /* PBXContainerItemProxy */;
		};
/* End PBXTargetDependency section */

/* Begin XCBuildConfiguration section */
		F0B3ED50260F9232003B2430 /* Debug */ = {
			isa = XCBuildConfiguration;
			buildSettings = {
				ALWAYS_SEARCH_USER_PATHS = NO;
				CLANG_ANALYZER_NONNULL = YES;
				CLANG_ANALYZER_NUMBER_OBJECT_CONVERSION = YES_AGGRESSIVE;
				CLANG_CXX_LANGUAGE_STANDARD = "gnu++14";
				CLANG_CXX_LIBRARY = "libc++";
				CLANG_ENABLE_MODULES = YES;
				CLANG_ENABLE_OBJC_ARC = YES;
				CLANG_ENABLE_OBJC_WEAK = YES;
				CLANG_WARN_BLOCK_CAPTURE_AUTORELEASING = YES;
				CLANG_WARN_BOOL_CONVERSION = YES;
				CLANG_WARN_COMMA = YES;
				CLANG_WARN_CONSTANT_CONVERSION = YES;
				CLANG_WARN_DEPRECATED_OBJC_IMPLEMENTATIONS = YES;
				CLANG_WARN_DIRECT_OBJC_ISA_USAGE = YES_ERROR;
				CLANG_WARN_DOCUMENTATION_COMMENTS = YES;
				CLANG_WARN_EMPTY_BODY = YES;
				CLANG_WARN_ENUM_CONVERSION = YES;
				CLANG_WARN_INFINITE_RECURSION = YES;
				CLANG_WARN_INT_CONVERSION = YES;
				CLANG_WARN_NON_LITERAL_NULL_CONVERSION = YES;
				CLANG_WARN_OBJC_IMPLICIT_RETAIN_SELF = YES;
				CLANG_WARN_OBJC_LITERAL_CONVERSION = YES;
				CLANG_WARN_OBJC_ROOT_CLASS = YES_ERROR;
				CLANG_WARN_QUOTED_INCLUDE_IN_FRAMEWORK_HEADER = YES;
				CLANG_WARN_RANGE_LOOP_ANALYSIS = YES;
				CLANG_WARN_STRICT_PROTOTYPES = YES;
				CLANG_WARN_SUSPICIOUS_MOVE = YES;
				CLANG_WARN_UNGUARDED_AVAILABILITY = YES_AGGRESSIVE;
				CLANG_WARN_UNREACHABLE_CODE = YES;
				CLANG_WARN__DUPLICATE_METHOD_MATCH = YES;
				COPY_PHASE_STRIP = NO;
				DEBUG_INFORMATION_FORMAT = dwarf;
				ENABLE_STRICT_OBJC_MSGSEND = YES;
				ENABLE_TESTABILITY = YES;
				GCC_C_LANGUAGE_STANDARD = gnu11;
				GCC_DYNAMIC_NO_PIC = NO;
				GCC_NO_COMMON_BLOCKS = YES;
				GCC_OPTIMIZATION_LEVEL = 0;
				GCC_PREPROCESSOR_DEFINITIONS = (
					"DEBUG=1",
					"$(inherited)",
				);
				GCC_WARN_64_TO_32_BIT_CONVERSION = YES;
				GCC_WARN_ABOUT_RETURN_TYPE = YES_ERROR;
				GCC_WARN_UNDECLARED_SELECTOR = YES;
				GCC_WARN_UNINITIALIZED_AUTOS = YES_AGGRESSIVE;
				GCC_WARN_UNUSED_FUNCTION = YES;
				GCC_WARN_UNUSED_VARIABLE = YES;
				IPHONEOS_DEPLOYMENT_TARGET = 14.4;
				MTL_ENABLE_DEBUG_INFO = INCLUDE_SOURCE;
				MTL_FAST_MATH = YES;
				ONLY_ACTIVE_ARCH = YES;
				SDKROOT = iphoneos;
				SWIFT_ACTIVE_COMPILATION_CONDITIONS = DEBUG;
				SWIFT_OPTIMIZATION_LEVEL = "-Onone";
			};
			name = Debug;
		};
		F0B3ED51260F9232003B2430 /* Release */ = {
			isa = XCBuildConfiguration;
			buildSettings = {
				ALWAYS_SEARCH_USER_PATHS = NO;
				CLANG_ANALYZER_NONNULL = YES;
				CLANG_ANALYZER_NUMBER_OBJECT_CONVERSION = YES_AGGRESSIVE;
				CLANG_CXX_LANGUAGE_STANDARD = "gnu++14";
				CLANG_CXX_LIBRARY = "libc++";
				CLANG_ENABLE_MODULES = YES;
				CLANG_ENABLE_OBJC_ARC = YES;
				CLANG_ENABLE_OBJC_WEAK = YES;
				CLANG_WARN_BLOCK_CAPTURE_AUTORELEASING = YES;
				CLANG_WARN_BOOL_CONVERSION = YES;
				CLANG_WARN_COMMA = YES;
				CLANG_WARN_CONSTANT_CONVERSION = YES;
				CLANG_WARN_DEPRECATED_OBJC_IMPLEMENTATIONS = YES;
				CLANG_WARN_DIRECT_OBJC_ISA_USAGE = YES_ERROR;
				CLANG_WARN_DOCUMENTATION_COMMENTS = YES;
				CLANG_WARN_EMPTY_BODY = YES;
				CLANG_WARN_ENUM_CONVERSION = YES;
				CLANG_WARN_INFINITE_RECURSION = YES;
				CLANG_WARN_INT_CONVERSION = YES;
				CLANG_WARN_NON_LITERAL_NULL_CONVERSION = YES;
				CLANG_WARN_OBJC_IMPLICIT_RETAIN_SELF = YES;
				CLANG_WARN_OBJC_LITERAL_CONVERSION = YES;
				CLANG_WARN_OBJC_ROOT_CLASS = YES_ERROR;
				CLANG_WARN_QUOTED_INCLUDE_IN_FRAMEWORK_HEADER = YES;
				CLANG_WARN_RANGE_LOOP_ANALYSIS = YES;
				CLANG_WARN_STRICT_PROTOTYPES = YES;
				CLANG_WARN_SUSPICIOUS_MOVE = YES;
				CLANG_WARN_UNGUARDED_AVAILABILITY = YES_AGGRESSIVE;
				CLANG_WARN_UNREACHABLE_CODE = YES;
				CLANG_WARN__DUPLICATE_METHOD_MATCH = YES;
				COPY_PHASE_STRIP = NO;
				DEBUG_INFORMATION_FORMAT = "dwarf-with-dsym";
				ENABLE_NS_ASSERTIONS = NO;
				ENABLE_STRICT_OBJC_MSGSEND = YES;
				GCC_C_LANGUAGE_STANDARD = gnu11;
				GCC_NO_COMMON_BLOCKS = YES;
				GCC_WARN_64_TO_32_BIT_CONVERSION = YES;
				GCC_WARN_ABOUT_RETURN_TYPE = YES_ERROR;
				GCC_WARN_UNDECLARED_SELECTOR = YES;
				GCC_WARN_UNINITIALIZED_AUTOS = YES_AGGRESSIVE;
				GCC_WARN_UNUSED_FUNCTION = YES;
				GCC_WARN_UNUSED_VARIABLE = YES;
				IPHONEOS_DEPLOYMENT_TARGET = 14.4;
				MTL_ENABLE_DEBUG_INFO = NO;
				MTL_FAST_MATH = YES;
				SDKROOT = iphoneos;
				SWIFT_COMPILATION_MODE = wholemodule;
				SWIFT_OPTIMIZATION_LEVEL = "-O";
				VALIDATE_PRODUCT = YES;
			};
			name = Release;
		};
		F0B3ED53260F9232003B2430 /* Debug */ = {
			isa = XCBuildConfiguration;
			buildSettings = {
				ASSETCATALOG_COMPILER_APPICON_NAME = AppIcon;
				ASSETCATALOG_COMPILER_GLOBAL_ACCENT_COLOR_NAME = AccentColor;
				CODE_SIGN_STYLE = Automatic;
				DEVELOPMENT_ASSET_PATHS = "\"HooHacks/Preview Content\"";
				ENABLE_PREVIEWS = YES;
				INFOPLIST_FILE = HooHacks/Info.plist;
				IPHONEOS_DEPLOYMENT_TARGET = 14.0;
				LD_RUNPATH_SEARCH_PATHS = (
					"$(inherited)",
					"@executable_path/Frameworks",
				);
				PRODUCT_BUNDLE_IDENTIFIER = usc.HooHacks;
				PRODUCT_NAME = "$(TARGET_NAME)";
				SWIFT_VERSION = 5.0;
				TARGETED_DEVICE_FAMILY = "1,2";
			};
			name = Debug;
		};
		F0B3ED54260F9232003B2430 /* Release */ = {
			isa = XCBuildConfiguration;
			buildSettings = {
				ASSETCATALOG_COMPILER_APPICON_NAME = AppIcon;
				ASSETCATALOG_COMPILER_GLOBAL_ACCENT_COLOR_NAME = AccentColor;
				CODE_SIGN_STYLE = Automatic;
				DEVELOPMENT_ASSET_PATHS = "\"HooHacks/Preview Content\"";
				ENABLE_PREVIEWS = YES;
				INFOPLIST_FILE = HooHacks/Info.plist;
				IPHONEOS_DEPLOYMENT_TARGET = 14.0;
				LD_RUNPATH_SEARCH_PATHS = (
					"$(inherited)",
					"@executable_path/Frameworks",
				);
				PRODUCT_BUNDLE_IDENTIFIER = usc.HooHacks;
				PRODUCT_NAME = "$(TARGET_NAME)";
				SWIFT_VERSION = 5.0;
				TARGETED_DEVICE_FAMILY = "1,2";
			};
			name = Release;
		};
		F0B3ED56260F9232003B2430 /* Debug */ = {
			isa = XCBuildConfiguration;
			buildSettings = {
				ALWAYS_EMBED_SWIFT_STANDARD_LIBRARIES = YES;
				BUNDLE_LOADER = "$(TEST_HOST)";
				CODE_SIGN_STYLE = Automatic;
				INFOPLIST_FILE = HooHacksTests/Info.plist;
				IPHONEOS_DEPLOYMENT_TARGET = 14.0;
				LD_RUNPATH_SEARCH_PATHS = (
					"$(inherited)",
					"@executable_path/Frameworks",
					"@loader_path/Frameworks",
				);
				PRODUCT_BUNDLE_IDENTIFIER = usc.HooHacksTests;
				PRODUCT_NAME = "$(TARGET_NAME)";
				SWIFT_VERSION = 5.0;
				TARGETED_DEVICE_FAMILY = "1,2";
				TEST_HOST = "$(BUILT_PRODUCTS_DIR)/HooHacks.app/HooHacks";
			};
			name = Debug;
		};
		F0B3ED57260F9232003B2430 /* Release */ = {
			isa = XCBuildConfiguration;
			buildSettings = {
				ALWAYS_EMBED_SWIFT_STANDARD_LIBRARIES = YES;
				BUNDLE_LOADER = "$(TEST_HOST)";
				CODE_SIGN_STYLE = Automatic;
				INFOPLIST_FILE = HooHacksTests/Info.plist;
				IPHONEOS_DEPLOYMENT_TARGET = 14.0;
				LD_RUNPATH_SEARCH_PATHS = (
					"$(inherited)",
					"@executable_path/Frameworks",
					"@loader_path/Frameworks",
				);
				PRODUCT_BUNDLE_IDENTIFIER = usc.HooHacksTests;
				PRODUCT_NAME = "$(TARGET_NAME)";
				SWIFT_VERSION = 5.0;
				TARGETED_DEVICE_FAMILY = "1,2";
				TEST_HOST = "$(BUILT_PRODUCTS_DIR)/HooHacks.app/HooHacks";
			};
			name = Release;
		};
		F0B3ED59260F9232003B2430 /* Debug */ = {
			isa = XCBuildConfiguration;
			buildSettings = {
				ALWAYS_EMBED_SWIFT_STANDARD_LIBRARIES = YES;
				CODE_SIGN_STYLE = Automatic;
				INFOPLIST_FILE = HooHacksUITests/Info.plist;
				LD_RUNPATH_SEARCH_PATHS = (
					"$(inherited)",
					"@executable_path/Frameworks",
					"@loader_path/Frameworks",
				);
				PRODUCT_BUNDLE_IDENTIFIER = usc.HooHacksUITests;
				PRODUCT_NAME = "$(TARGET_NAME)";
				SWIFT_VERSION = 5.0;
				TARGETED_DEVICE_FAMILY = "1,2";
				TEST_TARGET_NAME = HooHacks;
			};
			name = Debug;
		};
		F0B3ED5A260F9232003B2430 /* Release */ = {
			isa = XCBuildConfiguration;
			buildSettings = {
				ALWAYS_EMBED_SWIFT_STANDARD_LIBRARIES = YES;
				CODE_SIGN_STYLE = Automatic;
				INFOPLIST_FILE = HooHacksUITests/Info.plist;
				LD_RUNPATH_SEARCH_PATHS = (
					"$(inherited)",
					"@executable_path/Frameworks",
					"@loader_path/Frameworks",
				);
				PRODUCT_BUNDLE_IDENTIFIER = usc.HooHacksUITests;
				PRODUCT_NAME = "$(TARGET_NAME)";
				SWIFT_VERSION = 5.0;
				TARGETED_DEVICE_FAMILY = "1,2";
				TEST_TARGET_NAME = HooHacks;
			};
			name = Release;
		};
/* End XCBuildConfiguration section */

/* Begin XCConfigurationList section */
		F0B3ED28260F9231003B2430 /* Build configuration list for PBXProject "HooHacks" */ = {
			isa = XCConfigurationList;
			buildConfigurations = (
				F0B3ED50260F9232003B2430 /* Debug */,
				F0B3ED51260F9232003B2430 /* Release */,
			);
			defaultConfigurationIsVisible = 0;
			defaultConfigurationName = Release;
		};
		F0B3ED52260F9232003B2430 /* Build configuration list for PBXNativeTarget "HooHacks" */ = {
			isa = XCConfigurationList;
			buildConfigurations = (
				F0B3ED53260F9232003B2430 /* Debug */,
				F0B3ED54260F9232003B2430 /* Release */,
			);
			defaultConfigurationIsVisible = 0;
			defaultConfigurationName = Release;
		};
		F0B3ED55260F9232003B2430 /* Build configuration list for PBXNativeTarget "HooHacksTests" */ = {
			isa = XCConfigurationList;
			buildConfigurations = (
				F0B3ED56260F9232003B2430 /* Debug */,
				F0B3ED57260F9232003B2430 /* Release */,
			);
			defaultConfigurationIsVisible = 0;
			defaultConfigurationName = Release;
		};
		F0B3ED58260F9232003B2430 /* Build configuration list for PBXNativeTarget "HooHacksUITests" */ = {
			isa = XCConfigurationList;
			buildConfigurations = (
				F0B3ED59260F9232003B2430 /* Debug */,
				F0B3ED5A260F9232003B2430 /* Release */,
			);
			defaultConfigurationIsVisible = 0;
			defaultConfigurationName = Release;
		};
/* End XCConfigurationList section */

/* Begin XCRemoteSwiftPackageReference section */
		F0B3ED63260F9E9A003B2430 /* XCRemoteSwiftPackageReference "SwiftyJSON" */ = {
			isa = XCRemoteSwiftPackageReference;
			repositoryURL = "https://github.com/SwiftyJSON/SwiftyJSON.git";
			requirement = {
				kind = upToNextMajorVersion;
				minimumVersion = 5.0.0;
			};
		};
		F0B3ED69260F9F07003B2430 /* XCRemoteSwiftPackageReference "Alamofire" */ = {
			isa = XCRemoteSwiftPackageReference;
			repositoryURL = "https://github.com/Alamofire/Alamofire.git";
			requirement = {
				kind = upToNextMajorVersion;
				minimumVersion = 5.4.1;
			};
		};
/* End XCRemoteSwiftPackageReference section */

/* Begin XCSwiftPackageProductDependency section */
		F0B3ED64260F9E9A003B2430 /* SwiftyJSON */ = {
			isa = XCSwiftPackageProductDependency;
			package = F0B3ED63260F9E9A003B2430 /* XCRemoteSwiftPackageReference "SwiftyJSON" */;
			productName = SwiftyJSON;
		};
		F0B3ED6A260F9F07003B2430 /* Alamofire */ = {
			isa = XCSwiftPackageProductDependency;
			package = F0B3ED69260F9F07003B2430 /* XCRemoteSwiftPackageReference "Alamofire" */;
			productName = Alamofire;
		};
/* End XCSwiftPackageProductDependency section */
	};
	rootObject = F0B3ED25260F9231003B2430 /* Project object */;
}
